version = 1
revision = 3
requires-python = ">=3.9"

[[package]]
name = "cement"
version = "3.0.14"
source = { registry = "https://pypi.org/simple" }
sdist = { url = "https://files.pythonhosted.org/packages/3a/9a/9f444fcb8d372e5fd0791029fdc44162c95c4944b56114e27e366874a984/cement-3.0.14.tar.gz", hash = "sha256:0a8efc10646bd9a68d5cc5d2b69cfa0d9b3c186ce5d268497e3bbfc823dcb525", size = 98676, upload-time = "2025-05-05T16:54:20.704Z" }
wheels = [
    { url = "https://files.pythonhosted.org/packages/42/34/019ede76aeed47e6056700d9538ad28087a0f1aaec5ee483cf22ece716c4/cement-3.0.14-py3-none-any.whl", hash = "sha256:d20376f8447717998aa7b0bc0384fcad730be580a13df336b326c575e340c43e", size = 138386, upload-time = "2025-05-05T16:54:19.448Z" },
]

[[package]]
name = "crbm-reproducibility-report"
version = "1.1.0"
source = { editable = "." }
dependencies = [
    { name = "cement" },
    { name = "jinja2" },
    { name = "markupsafe" },
]

[package.metadata]
requires-dist = [
    { name = "cement", specifier = "==3.0.14" },
    { name = "jinja2", specifier = "==2.11.2" },
    { name = "markupsafe", specifier = "==1.1.1" },
]

[[package]]
name = "jinja2"
version = "2.11.2"
source = { registry = "https://pypi.org/simple" }
dependencies = [
    { name = "markupsafe" },
]
sdist = { url = "https://files.pythonhosted.org/packages/64/a7/45e11eebf2f15bf987c3bc11d37dcc838d9dc81250e67e4c5968f6008b6c/Jinja2-2.11.2.tar.gz", hash = "sha256:89aab215427ef59c34ad58735269eb58b1a5808103067f7bb9d5836c651b3bb0", size = 257594, upload-time = "2020-04-13T16:16:46.75Z" }
wheels = [
    { url = "https://files.pythonhosted.org/packages/30/9e/f663a2aa66a09d838042ae1a2c5659828bb9b41ea3a6efa20a20fd92b121/Jinja2-2.11.2-py2.py3-none-any.whl", hash = "sha256:f0a4641d3cf955324a89c04f3d94663aa4d638abe8f733ecd3582848e1c37035", size = 125774, upload-time = "2020-04-13T16:16:44.917Z" },
]

[[package]]
name = "markupsafe"
version = "1.1.1"
source = { registry = "https://pypi.org/simple" }
sdist = { url = "https://files.pythonhosted.org/packages/b9/2e/64db92e53b86efccfaea71321f597fa2e1b2bd3853d8ce658568f7a13094/MarkupSafe-1.1.1.tar.gz", hash = "sha256:29872e92839765e546828bb7754a68c418d927cd064fd4708fab9fe9c8bb116b", size = 19151, upload-time = "2019-02-24T01:05:32.989Z" }
wheels = [
    { url = "https://files.pythonhosted.org/packages/85/85/43579939ae1ec6a493c0e68528cd4e26a29fbd4109f5553d4966f6273801/MarkupSafe-1.1.1-cp39-cp39-macosx_10_9_x86_64.whl", hash = "sha256:d73a845f227b0bfe8a7455ee623525ee656a9e2e749e4742706d80a6065d5e2c", size = 16351, upload-time = "2021-01-29T23:50:59.684Z" },
    { url = "https://files.pythonhosted.org/packages/f0/03/85efaa82ea0c7655b99db9252347623626048b35c03b046fcfde1af43b61/MarkupSafe-1.1.1-cp39-cp39-manylinux1_i686.whl", hash = "sha256:98bae9582248d6cf62321dcb52aaf5d9adf0bad3b40582925ef7c7f0ed85fceb", size = 32227, upload-time = "2021-01-29T23:51:00.88Z" },
    { url = "https://files.pythonhosted.org/packages/b9/bd/c5183b3416a14c221de4208a52665f7038cc8b159e8ad89bd9ccc23de08a/MarkupSafe-1.1.1-cp39-cp39-manylinux1_x86_64.whl", hash = "sha256:2beec1e0de6924ea551859edb9e7679da6e4870d32cb766240ce17e0a0ba2014", size = 32486, upload-time = "2021-01-29T23:51:02.169Z" },
    { url = "https://files.pythonhosted.org/packages/8c/9b/85abd4ff6f9b6d03ce504e6d84589e13d5fd6bc4d63647a57acf1b4abc03/MarkupSafe-1.1.1-cp39-cp39-manylinux2010_i686.whl", hash = "sha256:7fed13866cf14bba33e7176717346713881f56d9d2bcebab207f7a036f41b850", size = 32229, upload-time = "2021-01-29T23:51:03.599Z" },
    { url = "https://files.pythonhosted.org/packages/be/2e/ad118ca191e44dc6f87182310e5be51da71d4b81ac659e5f8d5f18251806/MarkupSafe-1.1.1-cp39-cp39-manylinux2010_x86_64.whl", hash = "sha256:6f1e273a344928347c1290119b493a1f0303c52f5a5eae5f16d74f48c15d4a85", size = 32487, upload-time = "2021-01-29T23:51:05.184Z" },
    { url = "https://files.pythonhosted.org/packages/0d/98/0fd0f0baf8a59facb65cee37a26c775ee5a114f86e8b0cfe01dad1b8022a/MarkupSafe-1.1.1-cp39-cp39-manylinux2014_aarch64.whl", hash = "sha256:feb7b34d6325451ef96bc0e36e1a6c0c1c64bc1fbec4b854f4529e51887b1621", size = 33790, upload-time = "2021-01-29T23:51:06.712Z" },
    { url = "https://files.pythonhosted.org/packages/dc/d7/e3478fb2c3f2cc446ae4c6dedba1805f04b329bf30237cfe9f484f3d0a0e/MarkupSafe-1.1.1-cp39-cp39-win32.whl", hash = "sha256:22c178a091fc6630d0d045bdb5992d2dfe14e3259760e713c490da5323866c39", size = 16159, upload-time = "2021-01-29T23:51:07.916Z" },
    { url = "https://files.pythonhosted.org/packages/fb/39/de6ecf2652dc1b0fb374888a398f326d6c61f12e8004ed3dccb093e33e00/MarkupSafe-1.1.1-cp39-cp39-win_amd64.whl", hash = "sha256:b7d644ddb4dbd407d31ffb699f1d140bc35478da613b441c582aeb7c43838dd8", size = 16768, upload-time = "2021-01-29T23:51:09.146Z" },
]
